
Microsoft Visual Studio Solution File, Format Version 12.00
# Visual Studio Version 17
VisualStudioVersion = 17.0.31903.59
MinimumVisualStudioVersion = 10.0.40219.1
Project("{2150E333-8FDC-42A3-9474-1A3956D46DE8}") = "1. Applications", "1. Applications", "{D0760DF3-6A6E-4CF6-A202-6818A946B549}"
EndProject
Project("{9A19103F-16F7-4668-BE54-9A1E7A4F7556}") = "JapaneseLanguageTools", "JapaneseLanguageTools\JapaneseLanguageTools.csproj", "{5E99D370-B70B-4D67-9491-91277E53AEFC}"
EndProject
Project("{2150E333-8FDC-42A3-9474-1A3956D46DE8}") = "2. Node.js Applications", "2. Node.js Applications", "{1DBEFB56-70A1-4A16-BDC3-440EFCA94CBD}"
EndProject
Project("{54A90642-561A-4BB1-A94E-469ADEE60C69}") = "JapaneseLanguageTools.ReactSpa", "JapaneseLanguageTools.ReactSpa\JapaneseLanguageTools.ReactSpa.esproj", "{C1569800-0CD5-4487-BC77-A2DD62EA086C}"
EndProject
Project("{2150E333-8FDC-42A3-9474-1A3956D46DE8}") = "3. Class Libraries", "3. Class Libraries", "{211EF899-B8FF-4A1C-B057-E1F5334B3396}"
EndProject
Project("{2150E333-8FDC-42A3-9474-1A3956D46DE8}") = "4. Test Libraries", "4. Test Libraries", "{555EA57F-5CC0-40A9-9FA6-5B327F67871A}"
EndProject
Project("{2150E333-8FDC-42A3-9474-1A3956D46DE8}") = "5. Solution Items", "5. Solution Items", "{D81DBDD9-9146-495B-9A9A-9CDF298970BD}"
	ProjectSection(SolutionItems) = preProject
		..\.editorconfig = ..\.editorconfig
		..\.gitattributes = ..\.gitattributes
		..\.gitignore = ..\.gitignore
		..\LICENSE.md = ..\LICENSE.md
		..\README.md = ..\README.md
	EndProjectSection
EndProject
Project("{2150E333-8FDC-42A3-9474-1A3956D46DE8}") = "6. GitHub", "6. GitHub", "{F8DE664C-2B0D-43B6-9C34-987A87AFD177}"
EndProject
Global
	GlobalSection(SolutionConfigurationPlatforms) = preSolution
		Debug|Any CPU = Debug|Any CPU
		Release|Any CPU = Release|Any CPU
	EndGlobalSection
	GlobalSection(ProjectConfigurationPlatforms) = postSolution
		{5E99D370-B70B-4D67-9491-91277E53AEFC}.Debug|Any CPU.ActiveCfg = Debug|Any CPU
		{5E99D370-B70B-4D67-9491-91277E53AEFC}.Debug|Any CPU.Build.0 = Debug|Any CPU
		{5E99D370-B70B-4D67-9491-91277E53AEFC}.Release|Any CPU.ActiveCfg = Release|Any CPU
		{5E99D370-B70B-4D67-9491-91277E53AEFC}.Release|Any CPU.Build.0 = Release|Any CPU
		{C1569800-0CD5-4487-BC77-A2DD62EA086C}.Debug|Any CPU.ActiveCfg = Debug|Any CPU
		{C1569800-0CD5-4487-BC77-A2DD62EA086C}.Debug|Any CPU.Build.0 = Debug|Any CPU
		{C1569800-0CD5-4487-BC77-A2DD62EA086C}.Debug|Any CPU.Deploy.0 = Debug|Any CPU
		{C1569800-0CD5-4487-BC77-A2DD62EA086C}.Release|Any CPU.ActiveCfg = Release|Any CPU
		{C1569800-0CD5-4487-BC77-A2DD62EA086C}.Release|Any CPU.Build.0 = Release|Any CPU
		{C1569800-0CD5-4487-BC77-A2DD62EA086C}.Release|Any CPU.Deploy.0 = Release|Any CPU
	EndGlobalSection
	GlobalSection(SolutionProperties) = preSolution
		HideSolutionNode = FALSE
	EndGlobalSection
	GlobalSection(NestedProjects) = preSolution
		{5E99D370-B70B-4D67-9491-91277E53AEFC} = {D0760DF3-6A6E-4CF6-A202-6818A946B549}
		{C1569800-0CD5-4487-BC77-A2DD62EA086C} = {1DBEFB56-70A1-4A16-BDC3-440EFCA94CBD}
	EndGlobalSection
	GlobalSection(ExtensibilityGlobals) = postSolution
		SolutionGuid = {27A3F0AE-9611-4632-A0F9-DBB9173843BF}
	EndGlobalSection
EndGlobal
